
Microsoft Visual Studio Solution File, Format Version 12.00
# Visual Studio Version 17
VisualStudioVersion = 17.10.35027.167
MinimumVisualStudioVersion = 10.0.40219.1
Project("{F184B08F-C81C-45F6-A57F-5ABD9991F28F}") = "EQPQ-MakeSpriteFont", "EQPQ-MakeSpriteFont.vbproj", "{3ADE618E-3574-4141-9BBF-4578C8F60C83}"
EndProject
Global
	GlobalSection(SolutionConfigurationPlatforms) = preSolution
		Debug|Any CPU = Debug|Any CPU
		Release|Any CPU = Release|Any CPU
	EndGlobalSection
	GlobalSection(ProjectConfigurationPlatforms) = postSolution
		{3ADE618E-3574-4141-9BBF-4578C8F60C83}.Debug|Any CPU.ActiveCfg = Debug|Any CPU
		{3ADE618E-3574-4141-9BBF-4578C8F60C83}.Debug|Any CPU.Build.0 = Debug|Any CPU
		{3ADE618E-3574-4141-9BBF-4578C8F60C83}.Release|Any CPU.ActiveCfg = Release|Any CPU
		{3ADE618E-3574-4141-9BBF-4578C8F60C83}.Release|Any CPU.Build.0 = Release|Any CPU
	EndGlobalSection
	GlobalSection(SolutionProperties) = preSolution
		HideSolutionNode = FALSE
	EndGlobalSection
	GlobalSection(ExtensibilityGlobals) = postSolution
		SolutionGuid = {CA2F0622-2858-43FC-988F-7645390A2206}
	EndGlobalSection
EndGlobal
